
Microsoft Visual Studio Solution File, Format Version 12.00
# Visual Studio Version 16
VisualStudioVersion = 16.0.31613.86
MinimumVisualStudioVersion = 10.0.40219.1
Project("{FAE04EC0-301F-11D3-BF4B-00C04F79EFBC}") = "Maxchar", "Maxchar\Maxchar.csproj", "{5E96DDC4-4793-41B5-8691-BD62C2F28B68}"
EndProject
Global
	GlobalSection(SolutionConfigurationPlatforms) = preSolution
		Debug|Any CPU = Debug|Any CPU
		Release|Any CPU = Release|Any CPU
	EndGlobalSection
	GlobalSection(ProjectConfigurationPlatforms) = postSolution
		{5E96DDC4-4793-41B5-8691-BD62C2F28B68}.Debug|Any CPU.ActiveCfg = Debug|Any CPU
		{5E96DDC4-4793-41B5-8691-BD62C2F28B68}.Debug|Any CPU.Build.0 = Debug|Any CPU
		{5E96DDC4-4793-41B5-8691-BD62C2F28B68}.Release|Any CPU.ActiveCfg = Release|Any CPU
		{5E96DDC4-4793-41B5-8691-BD62C2F28B68}.Release|Any CPU.Build.0 = Release|Any CPU
	EndGlobalSection
	GlobalSection(SolutionProperties) = preSolution
		HideSolutionNode = FALSE
	EndGlobalSection
	GlobalSection(ExtensibilityGlobals) = postSolution
		SolutionGuid = {6820CA3D-3AF1-4F8D-9A4E-761B434FE392}
	EndGlobalSection
EndGlobal
